
Microsoft Visual Studio Solution File, Format Version 12.00
# Visual Studio Version 16
VisualStudioVersion = 16.0.31729.503
MinimumVisualStudioVersion = 10.0.40219.1
Project("{FAE04EC0-301F-11D3-BF4B-00C04F79EFBC}") = "ChristmasLottery", "ChristmasLottery.csproj", "{C5914128-B65A-40CF-BA71-6C301DB9DF66}"
EndProject
Global
	GlobalSection(SolutionConfigurationPlatforms) = preSolution
		Debug|Any CPU = Debug|Any CPU
		Release|Any CPU = Release|Any CPU
	EndGlobalSection
	GlobalSection(ProjectConfigurationPlatforms) = postSolution
		{C5914128-B65A-40CF-BA71-6C301DB9DF66}.Debug|Any CPU.ActiveCfg = Debug|Any CPU
		{C5914128-B65A-40CF-BA71-6C301DB9DF66}.Debug|Any CPU.Build.0 = Debug|Any CPU
		{C5914128-B65A-40CF-BA71-6C301DB9DF66}.Release|Any CPU.ActiveCfg = Release|Any CPU
		{C5914128-B65A-40CF-BA71-6C301DB9DF66}.Release|Any CPU.Build.0 = Release|Any CPU
	EndGlobalSection
	GlobalSection(SolutionProperties) = preSolution
		HideSolutionNode = FALSE
	EndGlobalSection
	GlobalSection(ExtensibilityGlobals) = postSolution
		SolutionGuid = {37F68D2C-09E6-4323-B230-FC95B52B15FA}
	EndGlobalSection
EndGlobal
